
Microsoft Visual Studio Solution File, Format Version 12.00
# Visual Studio Version 17
VisualStudioVersion = 17.3.32929.385
MinimumVisualStudioVersion = 10.0.40219.1
Project("{8BC9CEB8-8B4A-11D0-8D11-00A0C91BC942}") = "Bonus_Project", "Bonus_Project\Bonus_Project.vcxproj", "{7BCDC7C8-168F-4141-9290-6A8C9A65F0D9}"
EndProject
Global
	GlobalSection(SolutionConfigurationPlatforms) = preSolution
		Debug|x64 = Debug|x64
		Debug|x86 = Debug|x86
		Release|x64 = Release|x64
		Release|x86 = Release|x86
	EndGlobalSection
	GlobalSection(ProjectConfigurationPlatforms) = postSolution
		{7BCDC7C8-168F-4141-9290-6A8C9A65F0D9}.Debug|x64.ActiveCfg = Debug|x64
		{7BCDC7C8-168F-4141-9290-6A8C9A65F0D9}.Debug|x64.Build.0 = Debug|x64
		{7BCDC7C8-168F-4141-9290-6A8C9A65F0D9}.Debug|x86.ActiveCfg = Debug|Win32
		{7BCDC7C8-168F-4141-9290-6A8C9A65F0D9}.Debug|x86.Build.0 = Debug|Win32
		{7BCDC7C8-168F-4141-9290-6A8C9A65F0D9}.Release|x64.ActiveCfg = Release|x64
		{7BCDC7C8-168F-4141-9290-6A8C9A65F0D9}.Release|x64.Build.0 = Release|x64
		{7BCDC7C8-168F-4141-9290-6A8C9A65F0D9}.Release|x86.ActiveCfg = Release|Win32
		{7BCDC7C8-168F-4141-9290-6A8C9A65F0D9}.Release|x86.Build.0 = Release|Win32
	EndGlobalSection
	GlobalSection(SolutionProperties) = preSolution
		HideSolutionNode = FALSE
	EndGlobalSection
	GlobalSection(ExtensibilityGlobals) = postSolution
		SolutionGuid = {01E78D64-975B-45AA-B178-B6DEE5E968B6}
	EndGlobalSection
EndGlobal
